
Microsoft Visual Studio Solution File, Format Version 12.00
# Visual Studio Version 17
VisualStudioVersion = 17.4.33122.133
MinimumVisualStudioVersion = 10.0.40219.1
Project("{9A19103F-16F7-4668-BE54-9A1E7A4F7556}") = "AspNetNewsAgregatorMvcApp", "AspNetNewsAgregatorMvcApp\AspNetNewsAgregatorMvcApp.csproj", "{697BB5AA-F126-4697-B618-798787128A04}"
EndProject
Project("{9A19103F-16F7-4668-BE54-9A1E7A4F7556}") = "AspNetNewsAgregator.Core", "AspNetNewsAgregator.Core\AspNetNewsAgregator.Core.csproj", "{8D0AFB71-3D72-4634-B84C-BB087D315853}"
EndProject
Project("{9A19103F-16F7-4668-BE54-9A1E7A4F7556}") = "AspNetNewsAgregator.Business", "AspNetNewsAgregator.Business\AspNetNewsAgregator.Business.csproj", "{70D84201-521B-4C95-BE39-2898131C6E12}"
EndProject
Project("{9A19103F-16F7-4668-BE54-9A1E7A4F7556}") = "AspNetNewsAgregator.DataBase", "AspNetNewsAgregator.DataBase\AspNetNewsAgregator.DataBase.csproj", "{C8D1C081-8BD0-441C-A26F-A04CCD051790}"
EndProject
Project("{9A19103F-16F7-4668-BE54-9A1E7A4F7556}") = "AspNetNewsAgregator.Data.Repositories", "AspNetNewsAgregator.Data.Repositoires\AspNetNewsAgregator.Data.Repositories.csproj", "{5FA71609-598A-4CFA-BCC7-AAEAA6B1436B}"
EndProject
Project("{9A19103F-16F7-4668-BE54-9A1E7A4F7556}") = "AspNetNewsAgregator.Data.Abstractions", "AspNetNewsAgregator.Data.Abstractions\AspNetNewsAgregator.Data.Abstractions.csproj", "{F3EF0069-8DC6-401C-96A2-F85A5E873E2B}"
EndProject
Project("{9A19103F-16F7-4668-BE54-9A1E7A4F7556}") = "AspNetNewsAgregatorMvcWithIdentityApp", "AspNetNewsAgregatorMvcWithIdentityApp\AspNetNewsAgregatorMvcWithIdentityApp.csproj", "{018F4E38-7F28-428F-9DEC-0D04F0145080}"
EndProject
Project("{9A19103F-16F7-4668-BE54-9A1E7A4F7556}") = "WebApplication1", "WebApplication1\WebApplication1.csproj", "{6D9B2928-C63B-446A-946C-221D7E5139E7}"
EndProject
Project("{9A19103F-16F7-4668-BE54-9A1E7A4F7556}") = "AspNetNewsAgregator.WebAPI", "AspNetNewsAgregator.WebAPI\AspNetNewsAgregator.WebAPI.csproj", "{B875AE15-49EE-4F2C-BC62-89C70BB53707}"
EndProject
Project("{FAE04EC0-301F-11D3-BF4B-00C04F79EFBC}") = "AspNetNewsAgregator.Mappers", "AspNetNewsAgregator.Mappers\AspNetNewsAgregator.Mappers.csproj", "{F38575C4-584E-40B5-A1AB-E45A95581406}"
EndProject
Global
	GlobalSection(SolutionConfigurationPlatforms) = preSolution
		Debug|Any CPU = Debug|Any CPU
		Release|Any CPU = Release|Any CPU
	EndGlobalSection
	GlobalSection(ProjectConfigurationPlatforms) = postSolution
		{697BB5AA-F126-4697-B618-798787128A04}.Debug|Any CPU.ActiveCfg = Debug|Any CPU
		{697BB5AA-F126-4697-B618-798787128A04}.Debug|Any CPU.Build.0 = Debug|Any CPU
		{697BB5AA-F126-4697-B618-798787128A04}.Release|Any CPU.ActiveCfg = Release|Any CPU
		{697BB5AA-F126-4697-B618-798787128A04}.Release|Any CPU.Build.0 = Release|Any CPU
		{8D0AFB71-3D72-4634-B84C-BB087D315853}.Debug|Any CPU.ActiveCfg = Debug|Any CPU
		{8D0AFB71-3D72-4634-B84C-BB087D315853}.Debug|Any CPU.Build.0 = Debug|Any CPU
		{8D0AFB71-3D72-4634-B84C-BB087D315853}.Release|Any CPU.ActiveCfg = Release|Any CPU
		{8D0AFB71-3D72-4634-B84C-BB087D315853}.Release|Any CPU.Build.0 = Release|Any CPU
		{70D84201-521B-4C95-BE39-2898131C6E12}.Debug|Any CPU.ActiveCfg = Debug|Any CPU
		{70D84201-521B-4C95-BE39-2898131C6E12}.Debug|Any CPU.Build.0 = Debug|Any CPU
		{70D84201-521B-4C95-BE39-2898131C6E12}.Release|Any CPU.ActiveCfg = Release|Any CPU
		{70D84201-521B-4C95-BE39-2898131C6E12}.Release|Any CPU.Build.0 = Release|Any CPU
		{C8D1C081-8BD0-441C-A26F-A04CCD051790}.Debug|Any CPU.ActiveCfg = Debug|Any CPU
		{C8D1C081-8BD0-441C-A26F-A04CCD051790}.Debug|Any CPU.Build.0 = Debug|Any CPU
		{C8D1C081-8BD0-441C-A26F-A04CCD051790}.Release|Any CPU.ActiveCfg = Release|Any CPU
		{C8D1C081-8BD0-441C-A26F-A04CCD051790}.Release|Any CPU.Build.0 = Release|Any CPU
		{5FA71609-598A-4CFA-BCC7-AAEAA6B1436B}.Debug|Any CPU.ActiveCfg = Debug|Any CPU
		{5FA71609-598A-4CFA-BCC7-AAEAA6B1436B}.Debug|Any CPU.Build.0 = Debug|Any CPU
		{5FA71609-598A-4CFA-BCC7-AAEAA6B1436B}.Release|Any CPU.ActiveCfg = Release|Any CPU
		{5FA71609-598A-4CFA-BCC7-AAEAA6B1436B}.Release|Any CPU.Build.0 = Release|Any CPU
		{F3EF0069-8DC6-401C-96A2-F85A5E873E2B}.Debug|Any CPU.ActiveCfg = Debug|Any CPU
		{F3EF0069-8DC6-401C-96A2-F85A5E873E2B}.Debug|Any CPU.Build.0 = Debug|Any CPU
		{F3EF0069-8DC6-401C-96A2-F85A5E873E2B}.Release|Any CPU.ActiveCfg = Release|Any CPU
		{F3EF0069-8DC6-401C-96A2-F85A5E873E2B}.Release|Any CPU.Build.0 = Release|Any CPU
		{018F4E38-7F28-428F-9DEC-0D04F0145080}.Debug|Any CPU.ActiveCfg = Debug|Any CPU
		{018F4E38-7F28-428F-9DEC-0D04F0145080}.Debug|Any CPU.Build.0 = Debug|Any CPU
		{018F4E38-7F28-428F-9DEC-0D04F0145080}.Release|Any CPU.ActiveCfg = Release|Any CPU
		{018F4E38-7F28-428F-9DEC-0D04F0145080}.Release|Any CPU.Build.0 = Release|Any CPU
		{6D9B2928-C63B-446A-946C-221D7E5139E7}.Debug|Any CPU.ActiveCfg = Debug|Any CPU
		{6D9B2928-C63B-446A-946C-221D7E5139E7}.Debug|Any CPU.Build.0 = Debug|Any CPU
		{6D9B2928-C63B-446A-946C-221D7E5139E7}.Release|Any CPU.ActiveCfg = Release|Any CPU
		{6D9B2928-C63B-446A-946C-221D7E5139E7}.Release|Any CPU.Build.0 = Release|Any CPU
		{B875AE15-49EE-4F2C-BC62-89C70BB53707}.Debug|Any CPU.ActiveCfg = Debug|Any CPU
		{B875AE15-49EE-4F2C-BC62-89C70BB53707}.Debug|Any CPU.Build.0 = Debug|Any CPU
		{B875AE15-49EE-4F2C-BC62-89C70BB53707}.Release|Any CPU.ActiveCfg = Release|Any CPU
		{B875AE15-49EE-4F2C-BC62-89C70BB53707}.Release|Any CPU.Build.0 = Release|Any CPU
		{F38575C4-584E-40B5-A1AB-E45A95581406}.Debug|Any CPU.ActiveCfg = Debug|Any CPU
		{F38575C4-584E-40B5-A1AB-E45A95581406}.Debug|Any CPU.Build.0 = Debug|Any CPU
		{F38575C4-584E-40B5-A1AB-E45A95581406}.Release|Any CPU.ActiveCfg = Release|Any CPU
		{F38575C4-584E-40B5-A1AB-E45A95581406}.Release|Any CPU.Build.0 = Release|Any CPU
	EndGlobalSection
	GlobalSection(SolutionProperties) = preSolution
		HideSolutionNode = FALSE
	EndGlobalSection
	GlobalSection(ExtensibilityGlobals) = postSolution
		SolutionGuid = {B98B3062-4D51-442B-9460-50BC9162A12E}
	EndGlobalSection
EndGlobal
